
Microsoft Visual Studio Solution File, Format Version 12.00
# Visual Studio Version 16
VisualStudioVersion = 16.0.29911.84
MinimumVisualStudioVersion = 10.0.40219.1
Project("{FAE04EC0-301F-11D3-BF4B-00C04F79EFBC}") = "APBD_cw13", "APBD_cw13\APBD_cw13.csproj", "{BA88A82F-DD00-4797-A56E-7C7689B3EAB3}"
EndProject
Global
	GlobalSection(SolutionConfigurationPlatforms) = preSolution
		Debug|Any CPU = Debug|Any CPU
		Release|Any CPU = Release|Any CPU
	EndGlobalSection
	GlobalSection(ProjectConfigurationPlatforms) = postSolution
		{BA88A82F-DD00-4797-A56E-7C7689B3EAB3}.Debug|Any CPU.ActiveCfg = Debug|Any CPU
		{BA88A82F-DD00-4797-A56E-7C7689B3EAB3}.Debug|Any CPU.Build.0 = Debug|Any CPU
		{BA88A82F-DD00-4797-A56E-7C7689B3EAB3}.Release|Any CPU.ActiveCfg = Release|Any CPU
		{BA88A82F-DD00-4797-A56E-7C7689B3EAB3}.Release|Any CPU.Build.0 = Release|Any CPU
	EndGlobalSection
	GlobalSection(SolutionProperties) = preSolution
		HideSolutionNode = FALSE
	EndGlobalSection
	GlobalSection(ExtensibilityGlobals) = postSolution
		SolutionGuid = {F32B97A8-E231-4566-969E-4774537A0FA9}
	EndGlobalSection
EndGlobal
